
Microsoft Visual Studio Solution File, Format Version 12.00
# Visual Studio Version 16
VisualStudioVersion = 16.0.31019.35
MinimumVisualStudioVersion = 10.0.40219.1
Project("{9A19103F-16F7-4668-BE54-9A1E7A4F7556}") = "HW3_1", "HW3\HW3_1.csproj", "{0174EFF6-A16C-4D3D-AA67-529E1659F98A}"
EndProject
Project("{9A19103F-16F7-4668-BE54-9A1E7A4F7556}") = "HW3_2", "HW3_2\HW3_2.csproj", "{82969697-CF1E-4EDD-864A-6BDC8640D907}"
EndProject
Project("{9A19103F-16F7-4668-BE54-9A1E7A4F7556}") = "HW3_3", "HW3_3\HW3_3.csproj", "{60A1A956-6250-4187-ABD0-4CA9D5281E5A}"
EndProject
Project("{9A19103F-16F7-4668-BE54-9A1E7A4F7556}") = "HW3_4", "HW3_4\HW3_4.csproj", "{B2A41C27-D00B-4A76-B6C0-F08B8D6D9CA9}"
EndProject
Project("{9A19103F-16F7-4668-BE54-9A1E7A4F7556}") = "HW3_5", "HW3_5\HW3_5.csproj", "{47635BBB-B29B-4E75-821B-BA206A699746}"
EndProject
Project("{FAE04EC0-301F-11D3-BF4B-00C04F79EFBC}") = "HW3_6", "HW3_6\HW3_6.csproj", "{810A00DF-3DEE-461A-80F2-A8B33A63B3B0}"
EndProject
Project("{FAE04EC0-301F-11D3-BF4B-00C04F79EFBC}") = "HW3_7", "HW3_7\HW3_7.csproj", "{DDD3D8E8-2A16-4119-8EC4-D70ADC62FE7D}"
EndProject
Project("{FAE04EC0-301F-11D3-BF4B-00C04F79EFBC}") = "HW3_8", "HW3_8\HW3_8.csproj", "{53F69C83-5E54-4DA2-9E47-FD4FB2BCE5E1}"
EndProject
Project("{FAE04EC0-301F-11D3-BF4B-00C04F79EFBC}") = "HW3_9", "HW3_9\HW3_9.csproj", "{99293950-7051-4AE1-AF41-602991017B9F}"
EndProject
Project("{FAE04EC0-301F-11D3-BF4B-00C04F79EFBC}") = "HW3_10", "HW3_10\HW3_10.csproj", "{F5AB86CA-5F8C-4BE4-A730-895483934E57}"
EndProject
Project("{FAE04EC0-301F-11D3-BF4B-00C04F79EFBC}") = "HW3_11", "HW3_11\HW3_11.csproj", "{718663CD-8A11-45C9-9D80-0BE3FD864BE1}"
EndProject
Project("{FAE04EC0-301F-11D3-BF4B-00C04F79EFBC}") = "HW3_12", "HW3_12\HW3_12.csproj", "{31E40297-1157-4366-B2DF-10D6FE62FD9E}"
EndProject
Global
	GlobalSection(SolutionConfigurationPlatforms) = preSolution
		Debug|Any CPU = Debug|Any CPU
		Release|Any CPU = Release|Any CPU
	EndGlobalSection
	GlobalSection(ProjectConfigurationPlatforms) = postSolution
		{0174EFF6-A16C-4D3D-AA67-529E1659F98A}.Debug|Any CPU.ActiveCfg = Debug|Any CPU
		{0174EFF6-A16C-4D3D-AA67-529E1659F98A}.Debug|Any CPU.Build.0 = Debug|Any CPU
		{0174EFF6-A16C-4D3D-AA67-529E1659F98A}.Release|Any CPU.ActiveCfg = Release|Any CPU
		{0174EFF6-A16C-4D3D-AA67-529E1659F98A}.Release|Any CPU.Build.0 = Release|Any CPU
		{82969697-CF1E-4EDD-864A-6BDC8640D907}.Debug|Any CPU.ActiveCfg = Debug|Any CPU
		{82969697-CF1E-4EDD-864A-6BDC8640D907}.Debug|Any CPU.Build.0 = Debug|Any CPU
		{82969697-CF1E-4EDD-864A-6BDC8640D907}.Release|Any CPU.ActiveCfg = Release|Any CPU
		{82969697-CF1E-4EDD-864A-6BDC8640D907}.Release|Any CPU.Build.0 = Release|Any CPU
		{60A1A956-6250-4187-ABD0-4CA9D5281E5A}.Debug|Any CPU.ActiveCfg = Debug|Any CPU
		{60A1A956-6250-4187-ABD0-4CA9D5281E5A}.Debug|Any CPU.Build.0 = Debug|Any CPU
		{60A1A956-6250-4187-ABD0-4CA9D5281E5A}.Release|Any CPU.ActiveCfg = Release|Any CPU
		{60A1A956-6250-4187-ABD0-4CA9D5281E5A}.Release|Any CPU.Build.0 = Release|Any CPU
		{B2A41C27-D00B-4A76-B6C0-F08B8D6D9CA9}.Debug|Any CPU.ActiveCfg = Debug|Any CPU
		{B2A41C27-D00B-4A76-B6C0-F08B8D6D9CA9}.Debug|Any CPU.Build.0 = Debug|Any CPU
		{B2A41C27-D00B-4A76-B6C0-F08B8D6D9CA9}.Release|Any CPU.ActiveCfg = Release|Any CPU
		{B2A41C27-D00B-4A76-B6C0-F08B8D6D9CA9}.Release|Any CPU.Build.0 = Release|Any CPU
		{47635BBB-B29B-4E75-821B-BA206A699746}.Debug|Any CPU.ActiveCfg = Debug|Any CPU
		{47635BBB-B29B-4E75-821B-BA206A699746}.Debug|Any CPU.Build.0 = Debug|Any CPU
		{47635BBB-B29B-4E75-821B-BA206A699746}.Release|Any CPU.ActiveCfg = Release|Any CPU
		{47635BBB-B29B-4E75-821B-BA206A699746}.Release|Any CPU.Build.0 = Release|Any CPU
		{810A00DF-3DEE-461A-80F2-A8B33A63B3B0}.Debug|Any CPU.ActiveCfg = Debug|Any CPU
		{810A00DF-3DEE-461A-80F2-A8B33A63B3B0}.Debug|Any CPU.Build.0 = Debug|Any CPU
		{810A00DF-3DEE-461A-80F2-A8B33A63B3B0}.Release|Any CPU.ActiveCfg = Release|Any CPU
		{810A00DF-3DEE-461A-80F2-A8B33A63B3B0}.Release|Any CPU.Build.0 = Release|Any CPU
		{DDD3D8E8-2A16-4119-8EC4-D70ADC62FE7D}.Debug|Any CPU.ActiveCfg = Debug|Any CPU
		{DDD3D8E8-2A16-4119-8EC4-D70ADC62FE7D}.Debug|Any CPU.Build.0 = Debug|Any CPU
		{DDD3D8E8-2A16-4119-8EC4-D70ADC62FE7D}.Release|Any CPU.ActiveCfg = Release|Any CPU
		{DDD3D8E8-2A16-4119-8EC4-D70ADC62FE7D}.Release|Any CPU.Build.0 = Release|Any CPU
		{53F69C83-5E54-4DA2-9E47-FD4FB2BCE5E1}.Debug|Any CPU.ActiveCfg = Debug|Any CPU
		{53F69C83-5E54-4DA2-9E47-FD4FB2BCE5E1}.Debug|Any CPU.Build.0 = Debug|Any CPU
		{53F69C83-5E54-4DA2-9E47-FD4FB2BCE5E1}.Release|Any CPU.ActiveCfg = Release|Any CPU
		{53F69C83-5E54-4DA2-9E47-FD4FB2BCE5E1}.Release|Any CPU.Build.0 = Release|Any CPU
		{99293950-7051-4AE1-AF41-602991017B9F}.Debug|Any CPU.ActiveCfg = Debug|Any CPU
		{99293950-7051-4AE1-AF41-602991017B9F}.Debug|Any CPU.Build.0 = Debug|Any CPU
		{99293950-7051-4AE1-AF41-602991017B9F}.Release|Any CPU.ActiveCfg = Release|Any CPU
		{99293950-7051-4AE1-AF41-602991017B9F}.Release|Any CPU.Build.0 = Release|Any CPU
		{F5AB86CA-5F8C-4BE4-A730-895483934E57}.Debug|Any CPU.ActiveCfg = Debug|Any CPU
		{F5AB86CA-5F8C-4BE4-A730-895483934E57}.Debug|Any CPU.Build.0 = Debug|Any CPU
		{F5AB86CA-5F8C-4BE4-A730-895483934E57}.Release|Any CPU.ActiveCfg = Release|Any CPU
		{F5AB86CA-5F8C-4BE4-A730-895483934E57}.Release|Any CPU.Build.0 = Release|Any CPU
		{718663CD-8A11-45C9-9D80-0BE3FD864BE1}.Debug|Any CPU.ActiveCfg = Debug|Any CPU
		{718663CD-8A11-45C9-9D80-0BE3FD864BE1}.Debug|Any CPU.Build.0 = Debug|Any CPU
		{718663CD-8A11-45C9-9D80-0BE3FD864BE1}.Release|Any CPU.ActiveCfg = Release|Any CPU
		{718663CD-8A11-45C9-9D80-0BE3FD864BE1}.Release|Any CPU.Build.0 = Release|Any CPU
		{31E40297-1157-4366-B2DF-10D6FE62FD9E}.Debug|Any CPU.ActiveCfg = Debug|Any CPU
		{31E40297-1157-4366-B2DF-10D6FE62FD9E}.Debug|Any CPU.Build.0 = Debug|Any CPU
		{31E40297-1157-4366-B2DF-10D6FE62FD9E}.Release|Any CPU.ActiveCfg = Release|Any CPU
		{31E40297-1157-4366-B2DF-10D6FE62FD9E}.Release|Any CPU.Build.0 = Release|Any CPU
	EndGlobalSection
	GlobalSection(SolutionProperties) = preSolution
		HideSolutionNode = FALSE
	EndGlobalSection
	GlobalSection(ExtensibilityGlobals) = postSolution
		SolutionGuid = {C1BBA166-93F9-45A5-A79C-5F41DB0227A2}
	EndGlobalSection
EndGlobal
